
Microsoft Visual Studio Solution File, Format Version 12.00
# Visual Studio Version 17
VisualStudioVersion = 17.0.32126.317
MinimumVisualStudioVersion = 10.0.40219.1
Project("{9A19103F-16F7-4668-BE54-9A1E7A4F7556}") = "sales_management", "sales_management.csproj", "{0493B7F3-B4ED-45E8-B584-AE473992F8DC}"
EndProject
Project("{FAE04EC0-301F-11D3-BF4B-00C04F79EFBC}") = "RDLCDesign", "..\RDLCDesign\RDLCDesign.csproj", "{7F229E51-F5B4-4903-B8B9-0C305A40FBAA}"
EndProject
Global
	GlobalSection(SolutionConfigurationPlatforms) = preSolution
		Debug|Any CPU = Debug|Any CPU
		Release|Any CPU = Release|Any CPU
	EndGlobalSection
	GlobalSection(ProjectConfigurationPlatforms) = postSolution
		{0493B7F3-B4ED-45E8-B584-AE473992F8DC}.Debug|Any CPU.ActiveCfg = Debug|Any CPU
		{0493B7F3-B4ED-45E8-B584-AE473992F8DC}.Debug|Any CPU.Build.0 = Debug|Any CPU
		{0493B7F3-B4ED-45E8-B584-AE473992F8DC}.Release|Any CPU.ActiveCfg = Release|Any CPU
		{0493B7F3-B4ED-45E8-B584-AE473992F8DC}.Release|Any CPU.Build.0 = Release|Any CPU
		{7F229E51-F5B4-4903-B8B9-0C305A40FBAA}.Debug|Any CPU.ActiveCfg = Debug|Any CPU
		{7F229E51-F5B4-4903-B8B9-0C305A40FBAA}.Debug|Any CPU.Build.0 = Debug|Any CPU
		{7F229E51-F5B4-4903-B8B9-0C305A40FBAA}.Release|Any CPU.ActiveCfg = Release|Any CPU
		{7F229E51-F5B4-4903-B8B9-0C305A40FBAA}.Release|Any CPU.Build.0 = Release|Any CPU
	EndGlobalSection
	GlobalSection(SolutionProperties) = preSolution
		HideSolutionNode = FALSE
	EndGlobalSection
	GlobalSection(ExtensibilityGlobals) = postSolution
		SolutionGuid = {003A1744-5B05-4BFB-9C2E-1ABE3CD345D3}
	EndGlobalSection
EndGlobal
